
Microsoft Visual Studio Solution File, Format Version 12.00
# Visual Studio Version 17
VisualStudioVersion = 17.13.35828.75 d17.13
MinimumVisualStudioVersion = 10.0.40219.1
Project("{FAE04EC0-301F-11D3-BF4B-00C04F79EFBC}") = "AdvancedAjax", "AdvancedAjax.csproj", "{F1BA9267-E55C-4A5F-9EAD-25502AE1347A}"
EndProject
Global
	GlobalSection(SolutionConfigurationPlatforms) = preSolution
		Debug|Any CPU = Debug|Any CPU
		Release|Any CPU = Release|Any CPU
	EndGlobalSection
	GlobalSection(ProjectConfigurationPlatforms) = postSolution
		{F1BA9267-E55C-4A5F-9EAD-25502AE1347A}.Debug|Any CPU.ActiveCfg = Debug|Any CPU
		{F1BA9267-E55C-4A5F-9EAD-25502AE1347A}.Debug|Any CPU.Build.0 = Debug|Any CPU
		{F1BA9267-E55C-4A5F-9EAD-25502AE1347A}.Release|Any CPU.ActiveCfg = Release|Any CPU
		{F1BA9267-E55C-4A5F-9EAD-25502AE1347A}.Release|Any CPU.Build.0 = Release|Any CPU
	EndGlobalSection
	GlobalSection(SolutionProperties) = preSolution
		HideSolutionNode = FALSE
	EndGlobalSection
	GlobalSection(ExtensibilityGlobals) = postSolution
		SolutionGuid = {035E1CFE-9069-4C20-A1A7-940CEB786A3A}
	EndGlobalSection
EndGlobal
